
Microsoft Visual Studio Solution File, Format Version 12.00
# Visual Studio Version 17
VisualStudioVersion = 17.8.34330.188
MinimumVisualStudioVersion = 10.0.40219.1
Project("{FAE04EC0-301F-11D3-BF4B-00C04F79EFBC}") = "PizzaDelivery", "PizzaDelivery.csproj", "{AFF44892-DE0E-40DB-8872-E45C8634AF38}"
EndProject
Project("{54435603-DBB4-11D2-8724-00A0C9A8B90C}") = "Setup", "..\PzzaSetup\Setup\Setup.vdproj", "{958EB0D8-43B7-43FF-8FBA-6A287B687F3D}"
EndProject
Global
	GlobalSection(SolutionConfigurationPlatforms) = preSolution
		Debug|Any CPU = Debug|Any CPU
		Release|Any CPU = Release|Any CPU
	EndGlobalSection
	GlobalSection(ProjectConfigurationPlatforms) = postSolution
		{AFF44892-DE0E-40DB-8872-E45C8634AF38}.Debug|Any CPU.ActiveCfg = Release|Any CPU
		{AFF44892-DE0E-40DB-8872-E45C8634AF38}.Debug|Any CPU.Build.0 = Release|Any CPU
		{AFF44892-DE0E-40DB-8872-E45C8634AF38}.Release|Any CPU.ActiveCfg = Release|Any CPU
		{AFF44892-DE0E-40DB-8872-E45C8634AF38}.Release|Any CPU.Build.0 = Release|Any CPU
		{958EB0D8-43B7-43FF-8FBA-6A287B687F3D}.Debug|Any CPU.ActiveCfg = Debug
		{958EB0D8-43B7-43FF-8FBA-6A287B687F3D}.Release|Any CPU.ActiveCfg = Release
	EndGlobalSection
	GlobalSection(SolutionProperties) = preSolution
		HideSolutionNode = FALSE
	EndGlobalSection
	GlobalSection(ExtensibilityGlobals) = postSolution
		SolutionGuid = {8ACE068C-5423-4A81-815B-9DDD6599A0CC}
	EndGlobalSection
EndGlobal
